{
  "version": 4,
  "terraform_version": "1.1.5",
  "serial": 129,
  "lineage": "a8a55a52-d8c9-d63b-dd00-a99da3ea84ae",
  "outputs": {
    "external_ip_address_node01": {
      "value": "62.84.116.189",
      "type": "string"
    },
    "external_ip_address_node02": {
      "value": "51.250.9.246",
      "type": "string"
    },
    "external_ip_address_node03": {
      "value": "62.84.116.103",
      "type": "string"
    },
    "external_ip_address_node04": {
      "value": "51.250.11.115",
      "type": "string"
    },
    "external_ip_address_node05": {
      "value": "51.250.0.227",
      "type": "string"
    },
    "external_ip_address_node06": {
      "value": "51.250.3.22",
      "type": "string"
    },
    "internal_ip_address_node01": {
      "value": "192.168.101.11",
      "type": "string"
    },
    "internal_ip_address_node02": {
      "value": "192.168.101.12",
      "type": "string"
    },
    "internal_ip_address_node03": {
      "value": "192.168.101.13",
      "type": "string"
    },
    "internal_ip_address_node04": {
      "value": "192.168.101.14",
      "type": "string"
    },
    "internal_ip_address_node05": {
      "value": "192.168.101.15",
      "type": "string"
    },
    "internal_ip_address_node06": {
      "value": "192.168.101.16",
      "type": "string"
    }
  },
  "resources": [
    {
      "mode": "managed",
      "type": "local_file",
      "name": "inventory",
      "provider": "provider[\"registry.terraform.io/hashicorp/local\"]",
      "instances": [
        {
          "schema_version": 0,
          "attributes": {
            "content": "# Ansible inventory containing variable values from Terraform.\n# Generated by Terraform.\n\n[nodes:children]\nmanagers\nworkers\n\n[managers:children]\nactive\nstandby\n\n[active]\nnode01.netology.yc ansible_host=62.84.116.189\n\n[standby]\nnode02.netology.yc ansible_host=51.250.9.246\nnode03.netology.yc ansible_host=62.84.116.103\n\n[workers]\nnode04.netology.yc ansible_host=51.250.11.115\nnode05.netology.yc ansible_host=51.250.0.227\nnode06.netology.yc ansible_host=51.250.3.22\n",
            "content_base64": null,
            "directory_permission": "0777",
            "file_permission": "0777",
            "filename": "../ansible/inventory",
            "id": "951a81695b35098a55391cfba8e56a4af09c50cc",
            "sensitive_content": null,
            "source": null
          },
          "sensitive_attributes": [],
          "private": "bnVsbA==",
          "dependencies": [
            "yandex_compute_instance.node01",
            "yandex_compute_instance.node02",
            "yandex_compute_instance.node03",
            "yandex_compute_instance.node04",
            "yandex_compute_instance.node05",
            "yandex_compute_instance.node06",
            "yandex_vpc_network.default",
            "yandex_vpc_subnet.default"
          ]
        }
      ]
    },
    {
      "mode": "managed",
      "type": "null_resource",
      "name": "cluster",
      "provider": "provider[\"registry.terraform.io/hashicorp/null\"]",
      "instances": [
        {
          "schema_version": 0,
          "attributes": {
            "id": "8775105802729735404",
            "triggers": null
          },
          "sensitive_attributes": [],
          "private": "bnVsbA==",
          "dependencies": [
            "local_file.inventory",
            "null_resource.wait",
            "yandex_compute_instance.node01",
            "yandex_compute_instance.node02",
            "yandex_compute_instance.node03",
            "yandex_compute_instance.node04",
            "yandex_compute_instance.node05",
            "yandex_compute_instance.node06",
            "yandex_vpc_network.default",
            "yandex_vpc_subnet.default"
          ]
        }
      ]
    },
    {
      "mode": "managed",
      "type": "null_resource",
      "name": "monitoring",
      "provider": "provider[\"registry.terraform.io/hashicorp/null\"]",
      "instances": [
        {
          "schema_version": 0,
          "attributes": {
            "id": "832741181068260108",
            "triggers": null
          },
          "sensitive_attributes": [],
          "private": "bnVsbA==",
          "dependencies": [
            "local_file.inventory",
            "null_resource.cluster",
            "null_resource.sync",
            "null_resource.wait",
            "yandex_compute_instance.node01",
            "yandex_compute_instance.node02",
            "yandex_compute_instance.node03",
            "yandex_compute_instance.node04",
            "yandex_compute_instance.node05",
            "yandex_compute_instance.node06",
            "yandex_vpc_network.default",
            "yandex_vpc_subnet.default"
          ]
        }
      ]
    },
    {
      "mode": "managed",
      "type": "null_resource",
      "name": "sync",
      "provider": "provider[\"registry.terraform.io/hashicorp/null\"]",
      "instances": [
        {
          "schema_version": 0,
          "attributes": {
            "id": "7665949427400640436",
            "triggers": null
          },
          "sensitive_attributes": [],
          "private": "bnVsbA==",
          "dependencies": [
            "local_file.inventory",
            "null_resource.cluster",
            "null_resource.wait",
            "yandex_compute_instance.node01",
            "yandex_compute_instance.node02",
            "yandex_compute_instance.node03",
            "yandex_compute_instance.node04",
            "yandex_compute_instance.node05",
            "yandex_compute_instance.node06",
            "yandex_vpc_network.default",
            "yandex_vpc_subnet.default"
          ]
        }
      ]
    },
    {
      "mode": "managed",
      "type": "null_resource",
      "name": "wait",
      "provider": "provider[\"registry.terraform.io/hashicorp/null\"]",
      "instances": [
        {
          "schema_version": 0,
          "attributes": {
            "id": "952326058754156666",
            "triggers": null
          },
          "sensitive_attributes": [],
          "private": "bnVsbA==",
          "dependencies": [
            "local_file.inventory",
            "yandex_compute_instance.node01",
            "yandex_compute_instance.node02",
            "yandex_compute_instance.node03",
            "yandex_compute_instance.node04",
            "yandex_compute_instance.node05",
            "yandex_compute_instance.node06",
            "yandex_vpc_network.default",
            "yandex_vpc_subnet.default"
          ]
        }
      ]
    },
    {
      "mode": "managed",
      "type": "yandex_compute_instance",
      "name": "node01",
      "provider": "provider[\"registry.terraform.io/yandex-cloud/yandex\"]",
      "instances": [
        {
          "schema_version": 1,
          "attributes": {
            "allow_stopping_for_update": true,
            "boot_disk": [
              {
                "auto_delete": true,
                "device_name": "fhmp5v3nl12ocggq57df",
                "disk_id": "fhmp5v3nl12ocggq57df",
                "initialize_params": [
                  {
                    "block_size": 4096,
                    "description": "",
                    "image_id": "fd8708rihm49e78ou1dk",
                    "name": "root-node01",
                    "size": 10,
                    "snapshot_id": "",
                    "type": "network-ssd"
                  }
                ],
                "mode": "READ_WRITE"
              }
            ],
            "created_at": "2022-02-07T19:06:30Z",
            "description": "",
            "folder_id": "b1gjmrhngcisglrqmhda",
            "fqdn": "node01.netology.yc",
            "hostname": "node01",
            "id": "fhmlbmpgs1pd4jhuuv02",
            "labels": null,
            "metadata": {
              "ssh-keys": "centos:ssh-rsa AAAAB3NzaC1yc2EAAAADAQABAAABgQCtkO+NMXFMYetiGGWIHgRBcEdZTmZ6t16ONxLN8SNG8k2Kb0vEAM4dAnHg/9vA7fLHmTROPtnGfQH+qQ8MVptMuVjghEQMLNhUO9JjzOH/1M2IehRo0+f9W5eWgSg4MQ2oawbK+qzgyfficwQiEt7LGfpaEvyvC5m+bZ56shXwx3Liz6/BFhrud4HEhcdVAfZgBn90vk6ZbURTnajBtITmHYMuRsKP+esgKu+EwLjhgrC+xr4nid2DNUlKkGnJ+FdKFXQ1351f8LrlF6oAVK7fCl6OoGXor6kbup1Ljrh1eTtH7QjIpb9A+O/MAcrcbMBneKtw473xNDBECW5Q0rHvSvGXFOYkZzGsaJibYTVlL9QubQ9FvO2aOXdQuDvHFjj5EAwOR1fUqORYo5I73RFOnLSFaeQkFqJk4gefMQmZPFI9VaNwv8dsAQw7GPsZ/8B0dA4R3mbVDEjNmflW+0PNuekM2yWQbtE6cWlQWPHfPIti5CvmuHF5YAFS8+M0tl0= root@swan\n"
            },
            "name": "node01",
            "network_acceleration_type": "standard",
            "network_interface": [
              {
                "dns_record": [],
                "index": 0,
                "ip_address": "192.168.101.11",
                "ipv4": true,
                "ipv6": false,
                "ipv6_address": "",
                "ipv6_dns_record": [],
                "mac_address": "d0:0d:15:5d:b3:0e",
                "nat": true,
                "nat_dns_record": [],
                "nat_ip_address": "62.84.116.189",
                "nat_ip_version": "IPV4",
                "security_group_ids": [],
                "subnet_id": "e9bbs7d1ctn6nufseisj"
              }
            ],
            "placement_policy": [
              {
                "placement_group_id": ""
              }
            ],
            "platform_id": "standard-v1",
            "resources": [
              {
                "core_fraction": 100,
                "cores": 4,
                "gpus": 0,
                "memory": 8
              }
            ],
            "scheduling_policy": [
              {
                "preemptible": false
              }
            ],
            "secondary_disk": [],
            "service_account_id": "",
            "status": "running",
            "timeouts": null,
            "zone": "ru-central1-a"
          },
          "sensitive_attributes": [],
          "private": "eyJlMmJmYjczMC1lY2FhLTExZTYtOGY4OC0zNDM2M2JjN2M0YzAiOnsiY3JlYXRlIjozMDAwMDAwMDAwMDAsImRlbGV0ZSI6MzAwMDAwMDAwMDAwLCJ1cGRhdGUiOjMwMDAwMDAwMDAwMH0sInNjaGVtYV92ZXJzaW9uIjoiMSJ9",
          "dependencies": [
            "yandex_vpc_network.default",
            "yandex_vpc_subnet.default"
          ]
        }
      ]
    },
    {
      "mode": "managed",
      "type": "yandex_compute_instance",
      "name": "node02",
      "provider": "provider[\"registry.terraform.io/yandex-cloud/yandex\"]",
      "instances": [
        {
          "schema_version": 1,
          "attributes": {
            "allow_stopping_for_update": true,
            "boot_disk": [
              {
                "auto_delete": true,
                "device_name": "fhmv87sipovbh421icju",
                "disk_id": "fhmv87sipovbh421icju",
                "initialize_params": [
                  {
                    "block_size": 4096,
                    "description": "",
                    "image_id": "fd8708rihm49e78ou1dk",
                    "name": "root-node02",
                    "size": 10,
                    "snapshot_id": "",
                    "type": "network-ssd"
                  }
                ],
                "mode": "READ_WRITE"
              }
            ],
            "created_at": "2022-02-07T19:06:30Z",
            "description": "",
            "folder_id": "b1gjmrhngcisglrqmhda",
            "fqdn": "node02.netology.yc",
            "hostname": "node02",
            "id": "fhmniv443rvbtsjsqn0a",
            "labels": null,
            "metadata": {
              "ssh-keys": "centos:ssh-rsa AAAAB3NzaC1yc2EAAAADAQABAAABgQCtkO+NMXFMYetiGGWIHgRBcEdZTmZ6t16ONxLN8SNG8k2Kb0vEAM4dAnHg/9vA7fLHmTROPtnGfQH+qQ8MVptMuVjghEQMLNhUO9JjzOH/1M2IehRo0+f9W5eWgSg4MQ2oawbK+qzgyfficwQiEt7LGfpaEvyvC5m+bZ56shXwx3Liz6/BFhrud4HEhcdVAfZgBn90vk6ZbURTnajBtITmHYMuRsKP+esgKu+EwLjhgrC+xr4nid2DNUlKkGnJ+FdKFXQ1351f8LrlF6oAVK7fCl6OoGXor6kbup1Ljrh1eTtH7QjIpb9A+O/MAcrcbMBneKtw473xNDBECW5Q0rHvSvGXFOYkZzGsaJibYTVlL9QubQ9FvO2aOXdQuDvHFjj5EAwOR1fUqORYo5I73RFOnLSFaeQkFqJk4gefMQmZPFI9VaNwv8dsAQw7GPsZ/8B0dA4R3mbVDEjNmflW+0PNuekM2yWQbtE6cWlQWPHfPIti5CvmuHF5YAFS8+M0tl0= root@swan\n"
            },
            "name": "node02",
            "network_acceleration_type": "standard",
            "network_interface": [
              {
                "dns_record": [],
                "index": 0,
                "ip_address": "192.168.101.12",
                "ipv4": true,
                "ipv6": false,
                "ipv6_address": "",
                "ipv6_dns_record": [],
                "mac_address": "d0:0d:17:97:c8:41",
                "nat": true,
                "nat_dns_record": [],
                "nat_ip_address": "51.250.9.246",
                "nat_ip_version": "IPV4",
                "security_group_ids": [],
                "subnet_id": "e9bbs7d1ctn6nufseisj"
              }
            ],
            "placement_policy": [
              {
                "placement_group_id": ""
              }
            ],
            "platform_id": "standard-v1",
            "resources": [
              {
                "core_fraction": 100,
                "cores": 4,
                "gpus": 0,
                "memory": 8
              }
            ],
            "scheduling_policy": [
              {
                "preemptible": false
              }
            ],
            "secondary_disk": [],
            "service_account_id": "",
            "status": "running",
            "timeouts": null,
            "zone": "ru-central1-a"
          },
          "sensitive_attributes": [],
          "private": "eyJlMmJmYjczMC1lY2FhLTExZTYtOGY4OC0zNDM2M2JjN2M0YzAiOnsiY3JlYXRlIjozMDAwMDAwMDAwMDAsImRlbGV0ZSI6MzAwMDAwMDAwMDAwLCJ1cGRhdGUiOjMwMDAwMDAwMDAwMH0sInNjaGVtYV92ZXJzaW9uIjoiMSJ9",
          "dependencies": [
            "yandex_vpc_network.default",
            "yandex_vpc_subnet.default"
          ]
        }
      ]
    },
    {
      "mode": "managed",
      "type": "yandex_compute_instance",
      "name": "node03",
      "provider": "provider[\"registry.terraform.io/yandex-cloud/yandex\"]",
      "instances": [
        {
          "schema_version": 1,
          "attributes": {
            "allow_stopping_for_update": true,
            "boot_disk": [
              {
                "auto_delete": true,
                "device_name": "fhm988sdqc2s0qkfv243",
                "disk_id": "fhm988sdqc2s0qkfv243",
                "initialize_params": [
                  {
                    "block_size": 4096,
                    "description": "",
                    "image_id": "fd8708rihm49e78ou1dk",
                    "name": "root-node03",
                    "size": 10,
                    "snapshot_id": "",
                    "type": "network-ssd"
                  }
                ],
                "mode": "READ_WRITE"
              }
            ],
            "created_at": "2022-02-07T19:06:30Z",
            "description": "",
            "folder_id": "b1gjmrhngcisglrqmhda",
            "fqdn": "node03.netology.yc",
            "hostname": "node03",
            "id": "fhm29njoj0n25p3bss8n",
            "labels": null,
            "metadata": {
              "ssh-keys": "centos:ssh-rsa AAAAB3NzaC1yc2EAAAADAQABAAABgQCtkO+NMXFMYetiGGWIHgRBcEdZTmZ6t16ONxLN8SNG8k2Kb0vEAM4dAnHg/9vA7fLHmTROPtnGfQH+qQ8MVptMuVjghEQMLNhUO9JjzOH/1M2IehRo0+f9W5eWgSg4MQ2oawbK+qzgyfficwQiEt7LGfpaEvyvC5m+bZ56shXwx3Liz6/BFhrud4HEhcdVAfZgBn90vk6ZbURTnajBtITmHYMuRsKP+esgKu+EwLjhgrC+xr4nid2DNUlKkGnJ+FdKFXQ1351f8LrlF6oAVK7fCl6OoGXor6kbup1Ljrh1eTtH7QjIpb9A+O/MAcrcbMBneKtw473xNDBECW5Q0rHvSvGXFOYkZzGsaJibYTVlL9QubQ9FvO2aOXdQuDvHFjj5EAwOR1fUqORYo5I73RFOnLSFaeQkFqJk4gefMQmZPFI9VaNwv8dsAQw7GPsZ/8B0dA4R3mbVDEjNmflW+0PNuekM2yWQbtE6cWlQWPHfPIti5CvmuHF5YAFS8+M0tl0= root@swan\n"
            },
            "name": "node03",
            "network_acceleration_type": "standard",
            "network_interface": [
              {
                "dns_record": [],
                "index": 0,
                "ip_address": "192.168.101.13",
                "ipv4": true,
                "ipv6": false,
                "ipv6_address": "",
                "ipv6_dns_record": [],
                "mac_address": "d0:0d:24:de:78:98",
                "nat": true,
                "nat_dns_record": [],
                "nat_ip_address": "62.84.116.103",
                "nat_ip_version": "IPV4",
                "security_group_ids": [],
                "subnet_id": "e9bbs7d1ctn6nufseisj"
              }
            ],
            "placement_policy": [
              {
                "placement_group_id": ""
              }
            ],
            "platform_id": "standard-v1",
            "resources": [
              {
                "core_fraction": 100,
                "cores": 4,
                "gpus": 0,
                "memory": 8
              }
            ],
            "scheduling_policy": [
              {
                "preemptible": false
              }
            ],
            "secondary_disk": [],
            "service_account_id": "",
            "status": "running",
            "timeouts": null,
            "zone": "ru-central1-a"
          },
          "sensitive_attributes": [],
          "private": "eyJlMmJmYjczMC1lY2FhLTExZTYtOGY4OC0zNDM2M2JjN2M0YzAiOnsiY3JlYXRlIjozMDAwMDAwMDAwMDAsImRlbGV0ZSI6MzAwMDAwMDAwMDAwLCJ1cGRhdGUiOjMwMDAwMDAwMDAwMH0sInNjaGVtYV92ZXJzaW9uIjoiMSJ9",
          "dependencies": [
            "yandex_vpc_network.default",
            "yandex_vpc_subnet.default"
          ]
        }
      ]
    },
    {
      "mode": "managed",
      "type": "yandex_compute_instance",
      "name": "node04",
      "provider": "provider[\"registry.terraform.io/yandex-cloud/yandex\"]",
      "instances": [
        {
          "schema_version": 1,
          "attributes": {
            "allow_stopping_for_update": true,
            "boot_disk": [
              {
                "auto_delete": true,
                "device_name": "fhmu8liu2tj7g7adtad0",
                "disk_id": "fhmu8liu2tj7g7adtad0",
                "initialize_params": [
                  {
                    "block_size": 4096,
                    "description": "",
                    "image_id": "fd8708rihm49e78ou1dk",
                    "name": "root-node04",
                    "size": 40,
                    "snapshot_id": "",
                    "type": "network-ssd"
                  }
                ],
                "mode": "READ_WRITE"
              }
            ],
            "created_at": "2022-02-07T19:06:30Z",
            "description": "",
            "folder_id": "b1gjmrhngcisglrqmhda",
            "fqdn": "node04.netology.yc",
            "hostname": "node04",
            "id": "fhmabu84jv33dclb29ku",
            "labels": null,
            "metadata": {
              "ssh-keys": "centos:ssh-rsa AAAAB3NzaC1yc2EAAAADAQABAAABgQCtkO+NMXFMYetiGGWIHgRBcEdZTmZ6t16ONxLN8SNG8k2Kb0vEAM4dAnHg/9vA7fLHmTROPtnGfQH+qQ8MVptMuVjghEQMLNhUO9JjzOH/1M2IehRo0+f9W5eWgSg4MQ2oawbK+qzgyfficwQiEt7LGfpaEvyvC5m+bZ56shXwx3Liz6/BFhrud4HEhcdVAfZgBn90vk6ZbURTnajBtITmHYMuRsKP+esgKu+EwLjhgrC+xr4nid2DNUlKkGnJ+FdKFXQ1351f8LrlF6oAVK7fCl6OoGXor6kbup1Ljrh1eTtH7QjIpb9A+O/MAcrcbMBneKtw473xNDBECW5Q0rHvSvGXFOYkZzGsaJibYTVlL9QubQ9FvO2aOXdQuDvHFjj5EAwOR1fUqORYo5I73RFOnLSFaeQkFqJk4gefMQmZPFI9VaNwv8dsAQw7GPsZ/8B0dA4R3mbVDEjNmflW+0PNuekM2yWQbtE6cWlQWPHfPIti5CvmuHF5YAFS8+M0tl0= root@swan\n"
            },
            "name": "node04",
            "network_acceleration_type": "standard",
            "network_interface": [
              {
                "dns_record": [],
                "index": 0,
                "ip_address": "192.168.101.14",
                "ipv4": true,
                "ipv6": false,
                "ipv6_address": "",
                "ipv6_dns_record": [],
                "mac_address": "d0:0d:a5:f9:04:9f",
                "nat": true,
                "nat_dns_record": [],
                "nat_ip_address": "51.250.11.115",
                "nat_ip_version": "IPV4",
                "security_group_ids": [],
                "subnet_id": "e9bbs7d1ctn6nufseisj"
              }
            ],
            "placement_policy": [
              {
                "placement_group_id": ""
              }
            ],
            "platform_id": "standard-v1",
            "resources": [
              {
                "core_fraction": 100,
                "cores": 4,
                "gpus": 0,
                "memory": 8
              }
            ],
            "scheduling_policy": [
              {
                "preemptible": false
              }
            ],
            "secondary_disk": [],
            "service_account_id": "",
            "status": "running",
            "timeouts": null,
            "zone": "ru-central1-a"
          },
          "sensitive_attributes": [],
          "private": "eyJlMmJmYjczMC1lY2FhLTExZTYtOGY4OC0zNDM2M2JjN2M0YzAiOnsiY3JlYXRlIjozMDAwMDAwMDAwMDAsImRlbGV0ZSI6MzAwMDAwMDAwMDAwLCJ1cGRhdGUiOjMwMDAwMDAwMDAwMH0sInNjaGVtYV92ZXJzaW9uIjoiMSJ9",
          "dependencies": [
            "yandex_vpc_network.default",
            "yandex_vpc_subnet.default"
          ]
        }
      ]
    },
    {
      "mode": "managed",
      "type": "yandex_compute_instance",
      "name": "node05",
      "provider": "provider[\"registry.terraform.io/yandex-cloud/yandex\"]",
      "instances": [
        {
          "schema_version": 1,
          "attributes": {
            "allow_stopping_for_update": true,
            "boot_disk": [
              {
                "auto_delete": true,
                "device_name": "fhm60t53v032q6igf1cr",
                "disk_id": "fhm60t53v032q6igf1cr",
                "initialize_params": [
                  {
                    "block_size": 4096,
                    "description": "",
                    "image_id": "fd8708rihm49e78ou1dk",
                    "name": "root-node05",
                    "size": 40,
                    "snapshot_id": "",
                    "type": "network-ssd"
                  }
                ],
                "mode": "READ_WRITE"
              }
            ],
            "created_at": "2022-02-07T19:06:30Z",
            "description": "",
            "folder_id": "b1gjmrhngcisglrqmhda",
            "fqdn": "node05.netology.yc",
            "hostname": "node05",
            "id": "fhm297dro3fnaj0379p0",
            "labels": null,
            "metadata": {
              "ssh-keys": "centos:ssh-rsa AAAAB3NzaC1yc2EAAAADAQABAAABgQCtkO+NMXFMYetiGGWIHgRBcEdZTmZ6t16ONxLN8SNG8k2Kb0vEAM4dAnHg/9vA7fLHmTROPtnGfQH+qQ8MVptMuVjghEQMLNhUO9JjzOH/1M2IehRo0+f9W5eWgSg4MQ2oawbK+qzgyfficwQiEt7LGfpaEvyvC5m+bZ56shXwx3Liz6/BFhrud4HEhcdVAfZgBn90vk6ZbURTnajBtITmHYMuRsKP+esgKu+EwLjhgrC+xr4nid2DNUlKkGnJ+FdKFXQ1351f8LrlF6oAVK7fCl6OoGXor6kbup1Ljrh1eTtH7QjIpb9A+O/MAcrcbMBneKtw473xNDBECW5Q0rHvSvGXFOYkZzGsaJibYTVlL9QubQ9FvO2aOXdQuDvHFjj5EAwOR1fUqORYo5I73RFOnLSFaeQkFqJk4gefMQmZPFI9VaNwv8dsAQw7GPsZ/8B0dA4R3mbVDEjNmflW+0PNuekM2yWQbtE6cWlQWPHfPIti5CvmuHF5YAFS8+M0tl0= root@swan\n"
            },
            "name": "node05",
            "network_acceleration_type": "standard",
            "network_interface": [
              {
                "dns_record": [],
                "index": 0,
                "ip_address": "192.168.101.15",
                "ipv4": true,
                "ipv6": false,
                "ipv6_address": "",
                "ipv6_dns_record": [],
                "mac_address": "d0:0d:24:9d:bb:c0",
                "nat": true,
                "nat_dns_record": [],
                "nat_ip_address": "51.250.0.227",
                "nat_ip_version": "IPV4",
                "security_group_ids": [],
                "subnet_id": "e9bbs7d1ctn6nufseisj"
              }
            ],
            "placement_policy": [
              {
                "placement_group_id": ""
              }
            ],
            "platform_id": "standard-v1",
            "resources": [
              {
                "core_fraction": 100,
                "cores": 4,
                "gpus": 0,
                "memory": 8
              }
            ],
            "scheduling_policy": [
              {
                "preemptible": false
              }
            ],
            "secondary_disk": [],
            "service_account_id": "",
            "status": "running",
            "timeouts": null,
            "zone": "ru-central1-a"
          },
          "sensitive_attributes": [],
          "private": "eyJlMmJmYjczMC1lY2FhLTExZTYtOGY4OC0zNDM2M2JjN2M0YzAiOnsiY3JlYXRlIjozMDAwMDAwMDAwMDAsImRlbGV0ZSI6MzAwMDAwMDAwMDAwLCJ1cGRhdGUiOjMwMDAwMDAwMDAwMH0sInNjaGVtYV92ZXJzaW9uIjoiMSJ9",
          "dependencies": [
            "yandex_vpc_network.default",
            "yandex_vpc_subnet.default"
          ]
        }
      ]
    },
    {
      "mode": "managed",
      "type": "yandex_compute_instance",
      "name": "node06",
      "provider": "provider[\"registry.terraform.io/yandex-cloud/yandex\"]",
      "instances": [
        {
          "schema_version": 1,
          "attributes": {
            "allow_stopping_for_update": true,
            "boot_disk": [
              {
                "auto_delete": true,
                "device_name": "fhm5bp4ec5nq6eq8970o",
                "disk_id": "fhm5bp4ec5nq6eq8970o",
                "initialize_params": [
                  {
                    "block_size": 4096,
                    "description": "",
                    "image_id": "fd8708rihm49e78ou1dk",
                    "name": "root-node06",
                    "size": 40,
                    "snapshot_id": "",
                    "type": "network-ssd"
                  }
                ],
                "mode": "READ_WRITE"
              }
            ],
            "created_at": "2022-02-07T19:06:30Z",
            "description": "",
            "folder_id": "b1gjmrhngcisglrqmhda",
            "fqdn": "node06.netology.yc",
            "hostname": "node06",
            "id": "fhmo6j3es5jft6psm8dv",
            "labels": null,
            "metadata": {
              "ssh-keys": "centos:ssh-rsa AAAAB3NzaC1yc2EAAAADAQABAAABgQCtkO+NMXFMYetiGGWIHgRBcEdZTmZ6t16ONxLN8SNG8k2Kb0vEAM4dAnHg/9vA7fLHmTROPtnGfQH+qQ8MVptMuVjghEQMLNhUO9JjzOH/1M2IehRo0+f9W5eWgSg4MQ2oawbK+qzgyfficwQiEt7LGfpaEvyvC5m+bZ56shXwx3Liz6/BFhrud4HEhcdVAfZgBn90vk6ZbURTnajBtITmHYMuRsKP+esgKu+EwLjhgrC+xr4nid2DNUlKkGnJ+FdKFXQ1351f8LrlF6oAVK7fCl6OoGXor6kbup1Ljrh1eTtH7QjIpb9A+O/MAcrcbMBneKtw473xNDBECW5Q0rHvSvGXFOYkZzGsaJibYTVlL9QubQ9FvO2aOXdQuDvHFjj5EAwOR1fUqORYo5I73RFOnLSFaeQkFqJk4gefMQmZPFI9VaNwv8dsAQw7GPsZ/8B0dA4R3mbVDEjNmflW+0PNuekM2yWQbtE6cWlQWPHfPIti5CvmuHF5YAFS8+M0tl0= root@swan\n"
            },
            "name": "node06",
            "network_acceleration_type": "standard",
            "network_interface": [
              {
                "dns_record": [],
                "index": 0,
                "ip_address": "192.168.101.16",
                "ipv4": true,
                "ipv6": false,
                "ipv6_address": "",
                "ipv6_dns_record": [],
                "mac_address": "d0:0d:18:34:c6:ee",
                "nat": true,
                "nat_dns_record": [],
                "nat_ip_address": "51.250.3.22",
                "nat_ip_version": "IPV4",
                "security_group_ids": [],
                "subnet_id": "e9bbs7d1ctn6nufseisj"
              }
            ],
            "placement_policy": [
              {
                "placement_group_id": ""
              }
            ],
            "platform_id": "standard-v1",
            "resources": [
              {
                "core_fraction": 100,
                "cores": 4,
                "gpus": 0,
                "memory": 8
              }
            ],
            "scheduling_policy": [
              {
                "preemptible": false
              }
            ],
            "secondary_disk": [],
            "service_account_id": "",
            "status": "running",
            "timeouts": null,
            "zone": "ru-central1-a"
          },
          "sensitive_attributes": [],
          "private": "eyJlMmJmYjczMC1lY2FhLTExZTYtOGY4OC0zNDM2M2JjN2M0YzAiOnsiY3JlYXRlIjozMDAwMDAwMDAwMDAsImRlbGV0ZSI6MzAwMDAwMDAwMDAwLCJ1cGRhdGUiOjMwMDAwMDAwMDAwMH0sInNjaGVtYV92ZXJzaW9uIjoiMSJ9",
          "dependencies": [
            "yandex_vpc_network.default",
            "yandex_vpc_subnet.default"
          ]
        }
      ]
    },
    {
      "mode": "managed",
      "type": "yandex_vpc_network",
      "name": "default",
      "provider": "provider[\"registry.terraform.io/yandex-cloud/yandex\"]",
      "instances": [
        {
          "schema_version": 0,
          "attributes": {
            "created_at": "2022-02-07T19:06:28Z",
            "default_security_group_id": "",
            "description": "",
            "folder_id": "b1gjmrhngcisglrqmhda",
            "id": "enplcrgm1ingson6k4bm",
            "labels": {},
            "name": "net",
            "subnet_ids": [],
            "timeouts": null
          },
          "sensitive_attributes": [],
          "private": "eyJlMmJmYjczMC1lY2FhLTExZTYtOGY4OC0zNDM2M2JjN2M0YzAiOnsiY3JlYXRlIjo2MDAwMDAwMDAwMCwiZGVsZXRlIjo2MDAwMDAwMDAwMCwidXBkYXRlIjo2MDAwMDAwMDAwMH19"
        }
      ]
    },
    {
      "mode": "managed",
      "type": "yandex_vpc_subnet",
      "name": "default",
      "provider": "provider[\"registry.terraform.io/yandex-cloud/yandex\"]",
      "instances": [
        {
          "schema_version": 0,
          "attributes": {
            "created_at": "2022-02-07T19:06:29Z",
            "description": "",
            "dhcp_options": [],
            "folder_id": "b1gjmrhngcisglrqmhda",
            "id": "e9bbs7d1ctn6nufseisj",
            "labels": {},
            "name": "subnet",
            "network_id": "enplcrgm1ingson6k4bm",
            "route_table_id": "",
            "timeouts": null,
            "v4_cidr_blocks": [
              "192.168.101.0/24"
            ],
            "v6_cidr_blocks": [],
            "zone": "ru-central1-a"
          },
          "sensitive_attributes": [],
          "private": "eyJlMmJmYjczMC1lY2FhLTExZTYtOGY4OC0zNDM2M2JjN2M0YzAiOnsiY3JlYXRlIjoxODAwMDAwMDAwMDAsImRlbGV0ZSI6MTgwMDAwMDAwMDAwLCJ1cGRhdGUiOjE4MDAwMDAwMDAwMH19",
          "dependencies": [
            "yandex_vpc_network.default"
          ]
        }
      ]
    }
  ]
}
